
Microsoft Visual Studio Solution File, Format Version 12.00
# Visual Studio 14
VisualStudioVersion = 14.0.25420.1
MinimumVisualStudioVersion = 10.0.40219.1
Project("{FAE04EC0-301F-11D3-BF4B-00C04F79EFBC}") = "BetterChocolateygGui", "BetterChocolateygGui\BetterChocolateygGui.csproj", "{32B26D26-8497-4A80-A63F-9E338634BEBB}"
EndProject
Project("{FAE04EC0-301F-11D3-BF4B-00C04F79EFBC}") = "Chocolatey.NET", "Chocolatey.NET\Chocolatey.NET.csproj", "{8DF9E73C-810D-449B-8993-FFA66CD3618A}"
EndProject
Global
	GlobalSection(SolutionConfigurationPlatforms) = preSolution
		Debug|Any CPU = Debug|Any CPU
		Release|Any CPU = Release|Any CPU
	EndGlobalSection
	GlobalSection(ProjectConfigurationPlatforms) = postSolution
		{32B26D26-8497-4A80-A63F-9E338634BEBB}.Debug|Any CPU.ActiveCfg = Debug|Any CPU
		{32B26D26-8497-4A80-A63F-9E338634BEBB}.Debug|Any CPU.Build.0 = Debug|Any CPU
		{32B26D26-8497-4A80-A63F-9E338634BEBB}.Release|Any CPU.ActiveCfg = Release|Any CPU
		{32B26D26-8497-4A80-A63F-9E338634BEBB}.Release|Any CPU.Build.0 = Release|Any CPU
		{8DF9E73C-810D-449B-8993-FFA66CD3618A}.Debug|Any CPU.ActiveCfg = Debug|Any CPU
		{8DF9E73C-810D-449B-8993-FFA66CD3618A}.Debug|Any CPU.Build.0 = Debug|Any CPU
		{8DF9E73C-810D-449B-8993-FFA66CD3618A}.Release|Any CPU.ActiveCfg = Release|Any CPU
		{8DF9E73C-810D-449B-8993-FFA66CD3618A}.Release|Any CPU.Build.0 = Release|Any CPU
	EndGlobalSection
	GlobalSection(SolutionProperties) = preSolution
		HideSolutionNode = FALSE
	EndGlobalSection
EndGlobal
